version: 7
platforms:
- name: linux-64
  virtual-packages:
  - __unix=0=0
  - __linux=4.18
  - __glibc=2.28
  - __archspec=0=x86_64
- name: osx-64
  virtual-packages:
  - __unix=0=0
  - __osx=13.0
  - __archspec=0=x86_64
environments:
  default:
    channels:
    - url: https://conda.anaconda.org/conda-forge/
    - url: https://prefix.dev/brads-forge/
    packages:
      linux-64:
      - conda: https://conda.anaconda.org/conda-forge/linux-64/_openmp_mutex-4.5-20_gnu.conda
      - conda: https://conda.anaconda.org/conda-forge/linux-64/cargo-insta-1.49.0-hf19af3b_0.conda
      - conda: https://conda.anaconda.org/conda-forge/linux-64/deno-2.9.5-h6046fbb_0.conda
      - conda: https://conda.anaconda.org/conda-forge/linux-64/flatbuffers-25.12.19-h54a6638_0.conda
      - conda: https://conda.anaconda.org/conda-forge/linux-64/hyperfine-1.20.0-hf19af3b_1.conda
      - conda: https://conda.anaconda.org/conda-forge/linux-64/libabseil-20260526.0-cxx17_h0dc7533_2.conda
      - conda: https://conda.anaconda.org/conda-forge/linux-64/libgcc-16.2.0-ha9f2e26_7.conda
      - conda: https://conda.anaconda.org/conda-forge/linux-64/libgomp-16.2.0-he0feb66_7.conda
      - conda: https://conda.anaconda.org/conda-forge/linux-64/libhwloc-2.15.0-default_hd7c4d0c_1001.conda
      - conda: https://conda.anaconda.org/conda-forge/linux-64/libiconv-1.18-h0cb94f2_3.conda
      - conda: https://conda.anaconda.org/conda-forge/linux-64/liblzma-5.8.3-hb03c661_1.conda
      - conda: https://conda.anaconda.org/conda-forge/linux-64/libprotobuf-7.36.2-h622638d_0.conda
      - conda: https://conda.anaconda.org/conda-forge/linux-64/libstdcxx-16.2.0-h934c35e_7.conda
      - conda: https://conda.anaconda.org/conda-forge/linux-64/libxml2-16-2.15.4-hbdfff7e_0.conda
      - conda: https://conda.anaconda.org/conda-forge/linux-64/libxml2-2.15.4-ha7a5771_0.conda
      - conda: https://conda.anaconda.org/conda-forge/linux-64/libzlib-1.3.2-h25fd6f3_3.conda
      - conda: https://conda.anaconda.org/conda-forge/linux-64/mimalloc-3.2.7-h54a6638_0.conda
      - conda: https://conda.anaconda.org/conda-forge/linux-64/mold-2.40.4-h122c784_3.conda
      - conda: https://conda.anaconda.org/conda-forge/linux-64/openssl-3.6.5-h781a0a9_0.conda
      - conda: https://conda.anaconda.org/conda-forge/linux-64/tbb-2023.1.0-haa8c3ee_2.conda
      - conda: https://conda.anaconda.org/conda-forge/linux-64/zstd-1.5.7-hb78ec9c_7.conda
      - conda: https://conda.anaconda.org/conda-forge/noarch/ca-certificates-2026.7.22-hbd8a1cb_0.conda
      - conda: https://prefix.dev/brads-forge/linux-64/rustup-1.29.1-h81b34b9_4.conda
      osx-64:
      - conda: https://conda.anaconda.org/conda-forge/osx-64/cargo-insta-1.49.0-he704061_0.conda
      - conda: https://conda.anaconda.org/conda-forge/osx-64/deno-2.9.5-h42a321a_0.conda
      - conda: https://conda.anaconda.org/conda-forge/osx-64/flatbuffers-25.12.19-h06076ce_0.conda
      - conda: https://conda.anaconda.org/conda-forge/osx-64/hyperfine-1.20.0-he704061_1.conda
      - conda: https://conda.anaconda.org/conda-forge/osx-64/libabseil-20260526.0-cxx17_h6e8c311_2.conda
      - conda: https://conda.anaconda.org/conda-forge/osx-64/libcxx-23.1.2-h19cb2f5_0.conda
      - conda: https://conda.anaconda.org/conda-forge/osx-64/libprotobuf-7.36.2-h535088a_0.conda
      - conda: https://conda.anaconda.org/conda-forge/osx-64/libzlib-1.3.2-hbb4bfdb_3.conda
      - conda: https://prefix.dev/brads-forge/osx-64/rustup-1.29.1-he0f4bc8_4.conda
packages:
- conda: https://conda.anaconda.org/conda-forge/linux-64/_openmp_mutex-4.5-20_gnu.conda
  build_number: 20
  sha256: 1dd3fffd892081df9726d7eb7e0dea6198962ba775bd88842135a4ddb4deb3c9
  md5: a9f577daf3de00bca7c3c76c0ecbd1de
  depends:
  - __glibc >=2.17,<3.0.a0
  - libgomp >=7.5.0
  constrains:
  - openmp_impl <0.0a0
  license: BSD-3-Clause
  license_family: BSD
  run_exports:
    strong:
    - _openmp_mutex >=4.5
  size: 28948
  timestamp: 1770939786096
- conda: https://conda.anaconda.org/conda-forge/linux-64/cargo-insta-1.49.0-hf19af3b_0.conda
  sha256: 307789668bba5a9626cc95c2715d2b48ad024a984db7daec0b7c40207553a3e1
  md5: 2113c7475265cd5e5880a8c865996abe
  depends:
  - libgcc >=15
  - __glibc >=2.17,<3.0.a0
  constrains:
  - __glibc >=2.17
  license: Apache-2.0
  license_family: APACHE
  run_exports: {}
  size: 1695883
  timestamp: 1791005435417
- conda: https://conda.anaconda.org/conda-forge/linux-64/deno-2.9.5-h6046fbb_0.conda
  sha256: 88238be56783e25b73bbd2256a8bfe8480e740e2c66a821cf32f90ff6f42c6ca
  md5: 2f6f27d4f9aa029c17b7ff57dc2fcf61
  depends:
  - libgcc >=15
  - __glibc >=2.28,<3.0.a0
  constrains:
  - __glibc >=2.17
  license: MIT
  license_family: MIT
  run_exports: {}
  size: 39108030
  timestamp: 1789438653533
- conda: https://conda.anaconda.org/conda-forge/linux-64/flatbuffers-25.12.19-h54a6638_0.conda
  sha256: 8e7e28382d6daffe7ff34edb5f9c115d8943f6b5132624048243b9b27ea0a537
  md5: 0d08f16839ff30d3852aae4bfeb0d44a
  depends:
  - libgcc >=14
  - libstdcxx >=14
  - __glibc >=2.17,<3.0.a0
  license: Apache-2.0
  license_family: APACHE
  run_exports:
    weak:
    - flatbuffers >=25.12.19,<25.12.20.0a0
  size: 1841035
  timestamp: 1766388876335
- conda: https://conda.anaconda.org/conda-forge/linux-64/hyperfine-1.20.0-hf19af3b_1.conda
  sha256: d336900d332610eedb0ebad42fcd2f21f14fb38ec079b0c16270b469d6bb97d2
  md5: 5397825b19bed98ae1ab2883a3d49218
  depends:
  - libgcc >=15
  - __glibc >=2.17,<3.0.a0
  constrains:
  - __glibc >=2.17
  license: MIT
  license_family: MIT
  run_exports: {}
  size: 603340
  timestamp: 1787755090113
- conda: https://conda.anaconda.org/conda-forge/linux-64/libabseil-20260526.0-cxx17_h0dc7533_2.conda
  sha256: 7bb3d495411b7059e85225aae500d84e7846a4bb02ebd77e4450200b20c180f0
  md5: 6983bfe8e09992014b9cf393769c7a84
  depends:
  - __glibc >=2.17,<3.0.a0
  - libgcc >=14
  - libstdcxx >=14
  constrains:
  - abseil-cpp =20260526.0
  - libabseil-static =20260526.0=cxx17*
  license: Apache-2.0
  license_family: Apache
  run_exports:
    weak:
    - libabseil >=20260526.0,<20260527.0a0
    - libabseil =*=cxx17*
  size: 1436888
  timestamp: 1787217011773
- conda: https://conda.anaconda.org/conda-forge/linux-64/libgcc-16.2.0-ha9f2e26_7.conda
  sha256: e031634c3a928f9594eba868bc46ef5230d6571a364a0c63215b06c4563bfcea
  md5: 735629b400b70eeab21a2ba8f5b1c2ce
  depends:
  - __glibc >=2.17,<3.0.a0
  - _openmp_mutex >=4.5
  constrains:
  - libgcc-ng ==16.2.0=*_7
  - libgomp 16.2.0 he0feb66_7
  license: GPL-3.0-only WITH GCC-exception-3.1
  license_family: GPL
  run_exports: {}
  size: 1058444
  timestamp: 1790303109576
- conda: https://conda.anaconda.org/conda-forge/linux-64/libgomp-16.2.0-he0feb66_7.conda
  sha256: 92a0bb350c7be6a4eedcb4e111c60aefd176018e6b1c009a6e025dbe9bbcd758
  md5: d904c7ddd95e026254b4b80808ee9e12
  depends:
  - __glibc >=2.17,<3.0.a0
  license: GPL-3.0-only WITH GCC-exception-3.1
  license_family: GPL
  run_exports:
    strong:
    - _openmp_mutex >=4.5
  size: 640566
  timestamp: 1790303046034
- conda: https://conda.anaconda.org/conda-forge/linux-64/libhwloc-2.15.0-default_hd7c4d0c_1001.conda
  sha256: a140f8b94caad6ea27e9deba66a74ae2566976591db8a867677c652add6ee5a0
  md5: 66c755b3bd9ec82308fa6ec7674f473f
  depends:
  - __glibc >=2.17,<3.0.a0
  - libgcc >=15
  - libstdcxx >=15
  - libxml2
  - libxml2-16 >=2.15.4
  license: BSD-3-Clause
  license_family: BSD
  run_exports:
    weak:
    - libhwloc >=2.15.0,<2.15.1.0a0
  size: 2456090
  timestamp: 1790243647895
- conda: https://conda.anaconda.org/conda-forge/linux-64/libiconv-1.18-h0cb94f2_3.conda
  sha256: f943117edb9cd4d9c61cc972eee5a34291dc55ea7a6e9e38da104995841cbcb6
  md5: f92233bf33e24a25668bb2119e2c51f9
  depends:
  - __glibc >=2.17,<3.0.a0
  - libgcc >=15
  license: LGPL-2.1-only
  run_exports:
    weak:
    - libiconv >=1.18,<2.0a0
  size: 789471
  timestamp: 1787033836207
- conda: https://conda.anaconda.org/conda-forge/linux-64/liblzma-5.8.3-hb03c661_1.conda
  sha256: 9787df8c22a59c9a70d3e5a10db9ad663485e75e9ccc3f09bd092cb7b95e0dab
  md5: 1390b7c5ac0b1d8e447bc5efa6d3c8c2
  depends:
  - __glibc >=2.17,<3.0.a0
  - libgcc >=14
  constrains:
  - xz 5.8.3.*
  license: 0BSD
  run_exports:
    weak:
    - liblzma >=5.8.3,<6.0a0
  size: 112995
  timestamp: 1786348617826
- conda: https://conda.anaconda.org/conda-forge/linux-64/libprotobuf-7.36.2-h622638d_0.conda
  sha256: 58e7c0f521cd78f84b60beaab125e318bb802e7004aba45fae0c8e175f17cb7b
  md5: 071e3fbc12718c97845200eaa289b68f
  depends:
  - __glibc >=2.17,<3.0.a0
  - libabseil * cxx17*
  - libabseil >=20260526.0,<20260527.0a0
  - libgcc >=15
  - libstdcxx >=15
  - libzlib >=1.3.2,<2.0a0
  license: BSD-3-Clause
  license_family: BSD
  run_exports:
    weak:
    - libprotobuf >=7.36.2,<7.36.3.0a0
  size: 3902983
  timestamp: 1789825279250
- conda: https://conda.anaconda.org/conda-forge/linux-64/libstdcxx-16.2.0-h934c35e_7.conda
  sha256: fa7018298629fc429971fffd6ecba3d27a7b02e4e890d6a93ea01ffebe8cb745
  md5: 9b6707e0caca917fa6ea9ee473f37a5d
  depends:
  - __glibc >=2.17,<3.0.a0
  - libgcc 16.2.0 ha9f2e26_7
  constrains:
  - libstdcxx-ng ==16.2.0=*_7
  license: GPL-3.0-only WITH GCC-exception-3.1
  license_family: GPL
  run_exports: {}
  size: 6615436
  timestamp: 1790303132935
- conda: https://conda.anaconda.org/conda-forge/linux-64/libxml2-16-2.15.4-hbdfff7e_0.conda
  sha256: b6f96287c408269f5067bb4f7a61693ff5c856152902362964d9807152b9c146
  md5: 176fa262c40e1141e9f364d3e4783795
  depends:
  - __glibc >=2.17,<3.0.a0
  - libgcc >=15
  - libiconv >=1.18,<2.0a0
  - liblzma >=5.8.3,<6.0a0
  - libzlib >=1.3.2,<2.0a0
  constrains:
  - icu <0.0a0
  - libxml2 2.15.4
  license: MIT
  license_family: MIT
  run_exports: {}
  size: 565717
  timestamp: 1788635209625
- conda: https://conda.anaconda.org/conda-forge/linux-64/libxml2-2.15.4-ha7a5771_0.conda
  sha256: db52c038430a508656530fc7b5650ae3e2629875693a6a256cc48dec203f8bfe
  md5: c322ae4591dfe866b2a9b1e8537fe805
  depends:
  - __glibc >=2.17,<3.0.a0
  - libgcc >=15
  - libiconv >=1.18,<2.0a0
  - liblzma >=5.8.3,<6.0a0
  - libxml2-16 2.15.4 hbdfff7e_0
  - libzlib >=1.3.2,<2.0a0
  constrains:
  - icu <0.0a0
  license: MIT
  license_family: MIT
  run_exports:
    weak:
    - libxml2
    - libxml2-16 >=2.15.4
  size: 46952
  timestamp: 1788635214834
- conda: https://conda.anaconda.org/conda-forge/linux-64/libzlib-1.3.2-h25fd6f3_3.conda
  sha256: eb8a0db0aa570124f7d2a93d7c7f596e3390df5e047818d873baad32985fc736
  md5: 0de0122d9570a8ab637c6b73db268389
  depends:
  - __glibc >=2.17,<3.0.a0
  constrains:
  - zlib 1.3.2 *_3
  license: Zlib
  license_family: Other
  run_exports:
    weak:
    - libzlib >=1.3.2,<2.0a0
  size: 63713
  timestamp: 1785362952714
- conda: https://conda.anaconda.org/conda-forge/linux-64/mimalloc-3.2.7-h54a6638_0.conda
  sha256: ea4739f6dc84698d9a73c98ce4fc93a2fee7aa0d775488515d10ba96c91b2f0a
  md5: 3d876b1af30e71fedad48e29f2361f62
  depends:
  - libstdcxx >=14
  - libgcc >=14
  - __glibc >=2.17,<3.0.a0
  license: MIT
  license_family: MIT
  run_exports:
    weak:
    - mimalloc >=3.2.7,<3.2.8.0a0
  size: 117915
  timestamp: 1768632786645
- conda: https://conda.anaconda.org/conda-forge/linux-64/mold-2.40.4-h122c784_3.conda
  sha256: bb078b1e67530393088a57d2df6078454fd7f60fb8e811866c3afd184a3a7fa6
  md5: 5521851af139759795b399df252bf283
  depends:
  - __glibc >=2.17,<3.0.a0
  - libgcc >=14
  - libstdcxx >=14
  - libzlib >=1.3.1,<2.0a0
  - mimalloc >=3.2.7,<3.2.8.0a0
  - openssl >=3.5.4,<4.0a0
  - tbb >=2022.3.0
  - zstd >=1.5.7,<1.6.0a0
  license: MIT
  license_family: MIT
  run_exports: {}
  size: 3107341
  timestamp: 1768724317190
- conda: https://conda.anaconda.org/conda-forge/linux-64/openssl-3.6.5-h781a0a9_0.conda
  sha256: 9c1533f1cf784f0e250919c0c9762d0b0e6bc727a79290ffb7cea1ceca1d038c
  md5: 5a51a2ea653f120240b1a9bf76e0aae9
  depends:
  - __glibc >=2.17,<3.0.a0
  - ca-certificates
  - libgcc >=15
  license: Apache-2.0
  license_family: Apache
  run_exports:
    weak:
    - openssl >=3.6.5,<4.0a0
  size: 3195299
  timestamp: 1791098052301
- conda: https://conda.anaconda.org/conda-forge/linux-64/tbb-2023.1.0-haa8c3ee_2.conda
  sha256: 5e47c01ea6c2bea041b78b4e45b3135b80bfc015533ec44e4c2d2326a755f8ba
  md5: f805909f478c179e230baf7bd5878e26
  depends:
  - __glibc >=2.17,<3.0.a0
  - libgcc >=15
  - libhwloc >=2.15.0,<2.15.1.0a0
  - libstdcxx >=15
  license: Apache-2.0
  license_family: APACHE
  run_exports: {}
  size: 186862
  timestamp: 1790591931727
- conda: https://conda.anaconda.org/conda-forge/linux-64/zstd-1.5.7-hb78ec9c_7.conda
  sha256: 47d682b9f6d6ec9eb1a6e6c3e75ea6273e899e78fb7fc59f81d39745009fbc60
  md5: aa459086047c0e5e27023ab19f8cb86a
  depends:
  - __glibc >=2.17,<3.0.a0
  - libzlib >=1.3.2,<2.0a0
  license: BSD-3-Clause
  license_family: BSD
  run_exports:
    weak:
    - zstd >=1.5.7,<1.6.0a0
  size: 601301
  timestamp: 1786599621503
- conda: https://conda.anaconda.org/conda-forge/noarch/ca-certificates-2026.7.22-hbd8a1cb_0.conda
  sha256: 0a0544cf95f64394fe4959286f5c71f5444ad58feb0602e53becb27448d24da6
  md5: 0f51e2391ade309db462a55611263e9c
  depends:
  - __unix
  license: ISC
  run_exports: {}
  size: 131780
  timestamp: 1784754889428
- conda: https://conda.anaconda.org/conda-forge/osx-64/cargo-insta-1.49.0-he704061_0.conda
  sha256: 85bd8cffe8f23f62ae3e2fd471185c8b2bcac9d06950402c853d21105576f33b
  md5: 9bfd089486358b4e6c0d8007b48f3078
  depends:
  - __osx >=11.0
  constrains:
  - __osx >=11.0
  license: Apache-2.0
  license_family: APACHE
  run_exports: {}
  size: 1671929
  timestamp: 1791005534607
- conda: https://conda.anaconda.org/conda-forge/osx-64/deno-2.9.5-h42a321a_0.conda
  sha256: 6365e153d5a0438c919913313295a580db1642de7750c29098ca7c033b7c8cf9
  md5: 8fdc940831c3007b737a05cab9570f2c
  depends:
  - __osx >=11.0
  - libzlib >=1.3.2,<2.0a0
  constrains:
  - __osx >=11.0
  license: MIT
  license_family: MIT
  run_exports: {}
  size: 36633136
  timestamp: 1789438720696
- conda: https://conda.anaconda.org/conda-forge/osx-64/flatbuffers-25.12.19-h06076ce_0.conda
  sha256: f23fb474996e6ff0375309ea32e41eacddc41cb717dee4afb6535d69058dd82c
  md5: ba143d1c0e58368ecd9a9985b1bc3dfb
  depends:
  - libcxx >=19
  - __osx >=10.13
  license: Apache-2.0
  license_family: APACHE
  run_exports:
    weak:
    - flatbuffers >=25.12.19,<25.12.20.0a0
  size: 1636310
  timestamp: 1766388873085
- conda: https://conda.anaconda.org/conda-forge/osx-64/hyperfine-1.20.0-he704061_1.conda
  sha256: c6c09d2d7d02f6974bace9b0e7a4e42771e6bfdab87b4405396aad977004ae3d
  md5: 0ba34e98f2ecd52e650ffd2e93f2c2bd
  depends:
  - __osx >=11.0
  constrains:
  - __osx >=11.0
  license: MIT
  license_family: MIT
  run_exports: {}
  size: 579657
  timestamp: 1787755194485
- conda: https://conda.anaconda.org/conda-forge/osx-64/libabseil-20260526.0-cxx17_h6e8c311_2.conda
  sha256: d077578fc3a684f7ad246f87622a3a9702d429dd14e690a1bbfc6644480ebb92
  md5: 02e11f8c54cef4f022bc1a086d5f7c2f
  depends:
  - __osx >=11.0
  - libcxx >=19
  constrains:
  - abseil-cpp =20260526.0
  - libabseil-static =20260526.0=cxx17*
  license: Apache-2.0
  license_family: Apache
  run_exports:
    weak:
    - libabseil >=20260526.0,<20260527.0a0
    - libabseil =*=cxx17*
  size: 1269390
  timestamp: 1787217935603
- conda: https://conda.anaconda.org/conda-forge/osx-64/libcxx-23.1.2-h19cb2f5_0.conda
  sha256: 0ad8c788c3681674f100820cf5e76fcc8ec88502e7aa64f4776581985009a7be
  md5: 777bab0f24c6dc33b8a9ec8025653e41
  depends:
  - __osx >=11.0
  license: Apache-2.0 WITH LLVM-exception
  license_family: Apache
  run_exports: {}
  size: 576040
  timestamp: 1790163953924
- conda: https://conda.anaconda.org/conda-forge/osx-64/libprotobuf-7.36.2-h535088a_0.conda
  sha256: 80cbb43438f95cb0694ea9096ef888539d7eacd91f6d1e1bf2321a0242b9df11
  md5: fbf52886c96800c76043a76b30225f9b
  depends:
  - __osx >=12.0
  - libabseil * cxx17*
  - libabseil >=20260526.0,<20260527.0a0
  - libcxx >=21
  - libzlib >=1.3.2,<2.0a0
  license: BSD-3-Clause
  license_family: BSD
  run_exports:
    weak:
    - libprotobuf >=7.36.2,<7.36.3.0a0
  size: 3011253
  timestamp: 1789826448440
- conda: https://conda.anaconda.org/conda-forge/osx-64/libzlib-1.3.2-hbb4bfdb_3.conda
  sha256: b2dba286dd6632292b12296e761193b5ef9fb0eaeecaa481f5ba9af72c0c18e1
  md5: 7d3fa28263bb7f8ea32db11f570a5bb6
  depends:
  - __osx >=11.0
  constrains:
  - zlib 1.3.2 *_3
  license: Zlib
  license_family: Other
  run_exports:
    weak:
    - libzlib >=1.3.2,<2.0a0
  size: 58993
  timestamp: 1785276808631
- conda: https://prefix.dev/brads-forge/linux-64/rustup-1.29.1-h81b34b9_4.conda
  sha256: 8341612309a3f3824e4b3202a356edb83e500601c4c178c701fecac9856e27cb
  md5: 0169bd9eb881e7c13802c0667a8f592e
  license: MIT
  run_exports: {}
  size: 6928243
  timestamp: 1788336394258
- conda: https://prefix.dev/brads-forge/osx-64/rustup-1.29.1-he0f4bc8_4.conda
  sha256: 7c2789564039229706ba1c8da960b0e74113d89716bd7297ee3c0b78e261c71a
  md5: a4a824676c8f0bd1fc658ad152368b41
  license: MIT
  run_exports: {}
  size: 4334792
  timestamp: 1788336587957
